
Microsoft Visual Studio Solution File, Format Version 12.00
# Visual Studio Version 17
VisualStudioVersion = 17.1.32328.378
MinimumVisualStudioVersion = 10.0.40219.1
Project("{FAE04EC0-301F-11D3-BF4B-00C04F79EFBC}") = "ExampleWinForm", "ExampleWinForm\ExampleWinForm.csproj", "{84EDD0CC-D7D8-42BB-96E9-97C4B5DDF096}"
EndProject
Global
	GlobalSection(SolutionConfigurationPlatforms) = preSolution
		Debug|Any CPU = Debug|Any CPU
		Release|Any CPU = Release|Any CPU
	EndGlobalSection
	GlobalSection(ProjectConfigurationPlatforms) = postSolution
		{84EDD0CC-D7D8-42BB-96E9-97C4B5DDF096}.Debug|Any CPU.ActiveCfg = Debug|Any CPU
		{84EDD0CC-D7D8-42BB-96E9-97C4B5DDF096}.Debug|Any CPU.Build.0 = Debug|Any CPU
		{84EDD0CC-D7D8-42BB-96E9-97C4B5DDF096}.Release|Any CPU.ActiveCfg = Release|Any CPU
		{84EDD0CC-D7D8-42BB-96E9-97C4B5DDF096}.Release|Any CPU.Build.0 = Release|Any CPU
	EndGlobalSection
	GlobalSection(SolutionProperties) = preSolution
		HideSolutionNode = FALSE
	EndGlobalSection
	GlobalSection(ExtensibilityGlobals) = postSolution
		SolutionGuid = {90A646C0-76A6-4637-A0BB-D2DCF478FA71}
	EndGlobalSection
EndGlobal
